// !$*UTF8*$!
{
	archiveVersion = 1;
	classes = {
	};
	objectVersion = 56;
	objects = {

/* Begin PBXBuildFile section */
		7E3841922B44DFFE0097863F /* Extensions.swift in Sources */ = {isa = PBXBuildFile; fileRef = 7E3841912B44DFFE0097863F /* Extensions.swift */; };
		7E3841942B44E2500097863F /* AnotherView.swift in Sources */ = {isa = PBXBuildFile; fileRef = 7E3841932B44E2500097863F /* AnotherView.swift */; };
		7E884B662B44D5A500EDBEFD /* pathsApp.swift in Sources */ = {isa = PBXBuildFile; fileRef = 7E884B652B44D5A500EDBEFD /* pathsApp.swift */; };
		7E884B682B44D5A500EDBEFD /* ContentView.swift in Sources */ = {isa = PBXBuildFile; fileRef = 7E884B672B44D5A500EDBEFD /* ContentView.swift */; };
		7E884B6A2B44D5A700EDBEFD /* Assets.xcassets in Resources */ = {isa = PBXBuildFile; fileRef = 7E884B692B44D5A700EDBEFD /* Assets.xcassets */; };
		7E884B6D2B44D5A700EDBEFD /* Preview Assets.xcassets in Resources */ = {isa = PBXBuildFile; fileRef = 7E884B6C2B44D5A700EDBEFD /* Preview Assets.xcassets */; };
		7E884B742B44DBA400EDBEFD /* Show.swift in Sources */ = {isa = PBXBuildFile; fileRef = 7E884B732B44DBA400EDBEFD /* Show.swift */; };
		7EDB1BD62B5483B600BA9382 /* Test.swift in Sources */ = {isa = PBXBuildFile; fileRef = 7EDB1BD52B5483B600BA9382 /* Test.swift */; };
		7EDB1BD82B54848B00BA9382 /* DatosView.swift in Sources */ = {isa = PBXBuildFile; fileRef = 7EDB1BD72B54848B00BA9382 /* DatosView.swift */; };
		7EDB1BDA2B548A6300BA9382 /* ShowData.swift in Sources */ = {isa = PBXBuildFile; fileRef = 7EDB1BD92B548A6300BA9382 /* ShowData.swift */; };
		7EDB1BDC2B548EB300BA9382 /* datos.json in Resources */ = {isa = PBXBuildFile; fileRef = 7EDB1BDB2B548EB300BA9382 /* datos.json */; };
		7EDB1BDE2B548EDE00BA9382 /* ShowDataFrom.swift in Sources */ = {isa = PBXBuildFile; fileRef = 7EDB1BDD2B548EDE00BA9382 /* ShowDataFrom.swift */; };
/* End PBXBuildFile section */

/* Begin PBXFileReference section */
		7E3841912B44DFFE0097863F /* Extensions.swift */ = {isa = PBXFileReference; lastKnownFileType = sourcecode.swift; path = Extensions.swift; sourceTree = "<group>"; };
		7E3841932B44E2500097863F /* AnotherView.swift */ = {isa = PBXFileReference; lastKnownFileType = sourcecode.swift; path = AnotherView.swift; sourceTree = "<group>"; };
		7E884B622B44D5A500EDBEFD /* paths.app */ = {isa = PBXFileReference; explicitFileType = wrapper.application; includeInIndex = 0; path = paths.app; sourceTree = BUILT_PRODUCTS_DIR; };
		7E884B652B44D5A500EDBEFD /* pathsApp.swift */ = {isa = PBXFileReference; lastKnownFileType = sourcecode.swift; path = pathsApp.swift; sourceTree = "<group>"; };
		7E884B672B44D5A500EDBEFD /* ContentView.swift */ = {isa = PBXFileReference; lastKnownFileType = sourcecode.swift; path = ContentView.swift; sourceTree = "<group>"; };
		7E884B692B44D5A700EDBEFD /* Assets.xcassets */ = {isa = PBXFileReference; lastKnownFileType = folder.assetcatalog; path = Assets.xcassets; sourceTree = "<group>"; };
		7E884B6C2B44D5A700EDBEFD /* Preview Assets.xcassets */ = {isa = PBXFileReference; lastKnownFileType = folder.assetcatalog; path = "Preview Assets.xcassets"; sourceTree = "<group>"; };
		7E884B732B44DBA400EDBEFD /* Show.swift */ = {isa = PBXFileReference; lastKnownFileType = sourcecode.swift; path = Show.swift; sourceTree = "<group>"; };
		7EDB1BD52B5483B600BA9382 /* Test.swift */ = {isa = PBXFileReference; lastKnownFileType = sourcecode.swift; path = Test.swift; sourceTree = "<group>"; };
		7EDB1BD72B54848B00BA9382 /* DatosView.swift */ = {isa = PBXFileReference; lastKnownFileType = sourcecode.swift; path = DatosView.swift; sourceTree = "<group>"; };
		7EDB1BD92B548A6300BA9382 /* ShowData.swift */ = {isa = PBXFileReference; lastKnownFileType = sourcecode.swift; path = ShowData.swift; sourceTree = "<group>"; };
		7EDB1BDB2B548EB300BA9382 /* datos.json */ = {isa = PBXFileReference; fileEncoding = 4; lastKnownFileType = text.json; path = datos.json; sourceTree = "<group>"; };
		7EDB1BDD2B548EDE00BA9382 /* ShowDataFrom.swift */ = {isa = PBXFileReference; lastKnownFileType = sourcecode.swift; path = ShowDataFrom.swift; sourceTree = "<group>"; };
/* End PBXFileReference section */

/* Begin PBXFrameworksBuildPhase section */
		7E884B5F2B44D5A500EDBEFD /* Frameworks */ = {
			isa = PBXFrameworksBuildPhase;
			buildActionMask = 2147483647;
			files = (
			);
			runOnlyForDeploymentPostprocessing = 0;
		};
/* End PBXFrameworksBuildPhase section */

/* Begin PBXGroup section */
		7E884B592B44D5A500EDBEFD = {
			isa = PBXGroup;
			children = (
				7E884B642B44D5A500EDBEFD /* paths */,
				7E884B632B44D5A500EDBEFD /* Products */,
			);
			sourceTree = "<group>";
		};
		7E884B632B44D5A500EDBEFD /* Products */ = {
			isa = PBXGroup;
			children = (
				7E884B622B44D5A500EDBEFD /* paths.app */,
			);
			name = Products;
			sourceTree = "<group>";
		};
		7E884B642B44D5A500EDBEFD /* paths */ = {
			isa = PBXGroup;
			children = (
				7E884B652B44D5A500EDBEFD /* pathsApp.swift */,
				7E884B672B44D5A500EDBEFD /* ContentView.swift */,
				7E884B732B44DBA400EDBEFD /* Show.swift */,
				7E3841932B44E2500097863F /* AnotherView.swift */,
				7E3841912B44DFFE0097863F /* Extensions.swift */,
				7EDB1BD52B5483B600BA9382 /* Test.swift */,
				7EDB1BD72B54848B00BA9382 /* DatosView.swift */,
				7EDB1BD92B548A6300BA9382 /* ShowData.swift */,
				7EDB1BDD2B548EDE00BA9382 /* ShowDataFrom.swift */,
				7EDB1BDB2B548EB300BA9382 /* datos.json */,
				7E884B692B44D5A700EDBEFD /* Assets.xcassets */,
				7E884B6B2B44D5A700EDBEFD /* Preview Content */,
			);
			path = paths;
			sourceTree = "<group>";
		};
		7E884B6B2B44D5A700EDBEFD /* Preview Content */ = {
			isa = PBXGroup;
			children = (
				7E884B6C2B44D5A700EDBEFD /* Preview Assets.xcassets */,
			);
			path = "Preview Content";
			sourceTree = "<group>";
		};
/* End PBXGroup section */

/* Begin PBXNativeTarget section */
		7E884B612B44D5A500EDBEFD /* paths */ = {
			isa = PBXNativeTarget;
			buildConfigurationList = 7E884B702B44D5A700EDBEFD /* Build configuration list for PBXNativeTarget "paths" */;
			buildPhases = (
				7E884B5E2B44D5A500EDBEFD /* Sources */,
				7E884B5F2B44D5A500EDBEFD /* Frameworks */,
				7E884B602B44D5A500EDBEFD /* Resources */,
			);
			buildRules = (
			);
			dependencies = (
			);
			name = paths;
			productName = paths;
			productReference = 7E884B622B44D5A500EDBEFD /* paths.app */;
			productType = "com.apple.product-type.application";
		};
/* End PBXNativeTarget section */

/* Begin PBXProject section */
		7E884B5A2B44D5A500EDBEFD /* Project object */ = {
			isa = PBXProject;
			attributes = {
				BuildIndependentTargetsInParallel = 1;
				LastSwiftUpdateCheck = 1510;
				LastUpgradeCheck = 1510;
				TargetAttributes = {
					7E884B612B44D5A500EDBEFD = {
						CreatedOnToolsVersion = 15.1;
					};
				};
			};
			buildConfigurationList = 7E884B5D2B44D5A500EDBEFD /* Build configuration list for PBXProject "paths" */;
			compatibilityVersion = "Xcode 14.0";
			developmentRegion = en;
			hasScannedForEncodings = 0;
			knownRegions = (
				en,
				Base,
			);
			mainGroup = 7E884B592B44D5A500EDBEFD;
			productRefGroup = 7E884B632B44D5A500EDBEFD /* Products */;
			projectDirPath = "";
			projectRoot = "";
			targets = (
				7E884B612B44D5A500EDBEFD /* paths */,
			);
		};
/* End PBXProject section */

/* Begin PBXResourcesBuildPhase section */
		7E884B602B44D5A500EDBEFD /* Resources */ = {
			isa = PBXResourcesBuildPhase;
			buildActionMask = 2147483647;
			files = (
				7E884B6D2B44D5A700EDBEFD /* Preview Assets.xcassets in Resources */,
				7E884B6A2B44D5A700EDBEFD /* Assets.xcassets in Resources */,
				7EDB1BDC2B548EB300BA9382 /* datos.json in Resources */,
			);
			runOnlyForDeploymentPostprocessing = 0;
		};
/* End PBXResourcesBuildPhase section */

/* Begin PBXSourcesBuildPhase section */
		7E884B5E2B44D5A500EDBEFD /* Sources */ = {
			isa = PBXSourcesBuildPhase;
			buildActionMask = 2147483647;
			files = (
				7E884B742B44DBA400EDBEFD /* Show.swift in Sources */,
				7E884B682B44D5A500EDBEFD /* ContentView.swift in Sources */,
				7E3841942B44E2500097863F /* AnotherView.swift in Sources */,
				7E884B662B44D5A500EDBEFD /* pathsApp.swift in Sources */,
				7EDB1BDA2B548A6300BA9382 /* ShowData.swift in Sources */,
				7EDB1BDE2B548EDE00BA9382 /* ShowDataFrom.swift in Sources */,
				7E3841922B44DFFE0097863F /* Extensions.swift in Sources */,
				7EDB1BD62B5483B600BA9382 /* Test.swift in Sources */,
				7EDB1BD82B54848B00BA9382 /* DatosView.swift in Sources */,
			);
			runOnlyForDeploymentPostprocessing = 0;
		};
/* End PBXSourcesBuildPhase section */

/* Begin XCBuildConfiguration section */
		7E884B6E2B44D5A700EDBEFD /* Debug */ = {
			isa = XCBuildConfiguration;
			buildSettings = {
				ALWAYS_SEARCH_USER_PATHS = NO;
				ASSETCATALOG_COMPILER_GENERATE_SWIFT_ASSET_SYMBOL_EXTENSIONS = YES;
				CLANG_ANALYZER_NONNULL = YES;
				CLANG_ANALYZER_NUMBER_OBJECT_CONVERSION = YES_AGGRESSIVE;
				CLANG_CXX_LANGUAGE_STANDARD = "gnu++20";
				CLANG_ENABLE_MODULES = YES;
				CLANG_ENABLE_OBJC_ARC = YES;
				CLANG_ENABLE_OBJC_WEAK = YES;
				CLANG_WARN_BLOCK_CAPTURE_AUTORELEASING = YES;
				CLANG_WARN_BOOL_CONVERSION = YES;
				CLANG_WARN_COMMA = YES;
				CLANG_WARN_CONSTANT_CONVERSION = YES;
				CLANG_WARN_DEPRECATED_OBJC_IMPLEMENTATIONS = YES;
				CLANG_WARN_DIRECT_OBJC_ISA_USAGE = YES_ERROR;
				CLANG_WARN_DOCUMENTATION_COMMENTS = YES;
				CLANG_WARN_EMPTY_BODY = YES;
				CLANG_WARN_ENUM_CONVERSION = YES;
				CLANG_WARN_INFINITE_RECURSION = YES;
				CLANG_WARN_INT_CONVERSION = YES;
				CLANG_WARN_NON_LITERAL_NULL_CONVERSION = YES;
				CLANG_WARN_OBJC_IMPLICIT_RETAIN_SELF = YES;
				CLANG_WARN_OBJC_LITERAL_CONVERSION = YES;
				CLANG_WARN_OBJC_ROOT_CLASS = YES_ERROR;
				CLANG_WARN_QUOTED_INCLUDE_IN_FRAMEWORK_HEADER = YES;
				CLANG_WARN_RANGE_LOOP_ANALYSIS = YES;
				CLANG_WARN_STRICT_PROTOTYPES = YES;
				CLANG_WARN_SUSPICIOUS_MOVE = YES;
				CLANG_WARN_UNGUARDED_AVAILABILITY = YES_AGGRESSIVE;
				CLANG_WARN_UNREACHABLE_CODE = YES;
				CLANG_WARN__DUPLICATE_METHOD_MATCH = YES;
				COPY_PHASE_STRIP = NO;
				DEBUG_INFORMATION_FORMAT = dwarf;
				ENABLE_STRICT_OBJC_MSGSEND = YES;
				ENABLE_TESTABILITY = YES;
				ENABLE_USER_SCRIPT_SANDBOXING = YES;
				GCC_C_LANGUAGE_STANDARD = gnu17;
				GCC_DYNAMIC_NO_PIC = NO;
				GCC_NO_COMMON_BLOCKS = YES;
				GCC_OPTIMIZATION_LEVEL = 0;
				GCC_PREPROCESSOR_DEFINITIONS = (
					"DEBUG=1",
					"$(inherited)",
				);
				GCC_WARN_64_TO_32_BIT_CONVERSION = YES;
				GCC_WARN_ABOUT_RETURN_TYPE = YES_ERROR;
				GCC_WARN_UNDECLARED_SELECTOR = YES;
				GCC_WARN_UNINITIALIZED_AUTOS = YES_AGGRESSIVE;
				GCC_WARN_UNUSED_FUNCTION = YES;
				GCC_WARN_UNUSED_VARIABLE = YES;
				IPHONEOS_DEPLOYMENT_TARGET = 17.2;
				LOCALIZATION_PREFERS_STRING_CATALOGS = YES;
				MTL_ENABLE_DEBUG_INFO = INCLUDE_SOURCE;
				MTL_FAST_MATH = YES;
				ONLY_ACTIVE_ARCH = YES;
				SDKROOT = iphoneos;
				SWIFT_ACTIVE_COMPILATION_CONDITIONS = "DEBUG $(inherited)";
				SWIFT_OPTIMIZATION_LEVEL = "-Onone";
			};
			name = Debug;
		};
		7E884B6F2B44D5A700EDBEFD /* Release */ = {
			isa = XCBuildConfiguration;
			buildSettings = {
				ALWAYS_SEARCH_USER_PATHS = NO;
				ASSETCATALOG_COMPILER_GENERATE_SWIFT_ASSET_SYMBOL_EXTENSIONS = YES;
				CLANG_ANALYZER_NONNULL = YES;
				CLANG_ANALYZER_NUMBER_OBJECT_CONVERSION = YES_AGGRESSIVE;
				CLANG_CXX_LANGUAGE_STANDARD = "gnu++20";
				CLANG_ENABLE_MODULES = YES;
				CLANG_ENABLE_OBJC_ARC = YES;
				CLANG_ENABLE_OBJC_WEAK = YES;
				CLANG_WARN_BLOCK_CAPTURE_AUTORELEASING = YES;
				CLANG_WARN_BOOL_CONVERSION = YES;
				CLANG_WARN_COMMA = YES;
				CLANG_WARN_CONSTANT_CONVERSION = YES;
				CLANG_WARN_DEPRECATED_OBJC_IMPLEMENTATIONS = YES;
				CLANG_WARN_DIRECT_OBJC_ISA_USAGE = YES_ERROR;
				CLANG_WARN_DOCUMENTATION_COMMENTS = YES;
				CLANG_WARN_EMPTY_BODY = YES;
				CLANG_WARN_ENUM_CONVERSION = YES;
				CLANG_WARN_INFINITE_RECURSION = YES;
				CLANG_WARN_INT_CONVERSION = YES;
				CLANG_WARN_NON_LITERAL_NULL_CONVERSION = YES;
				CLANG_WARN_OBJC_IMPLICIT_RETAIN_SELF = YES;
				CLANG_WARN_OBJC_LITERAL_CONVERSION = YES;
				CLANG_WARN_OBJC_ROOT_CLASS = YES_ERROR;
				CLANG_WARN_QUOTED_INCLUDE_IN_FRAMEWORK_HEADER = YES;
				CLANG_WARN_RANGE_LOOP_ANALYSIS = YES;
				CLANG_WARN_STRICT_PROTOTYPES = YES;
				CLANG_WARN_SUSPICIOUS_MOVE = YES;
				CLANG_WARN_UNGUARDED_AVAILABILITY = YES_AGGRESSIVE;
				CLANG_WARN_UNREACHABLE_CODE = YES;
				CLANG_WARN__DUPLICATE_METHOD_MATCH = YES;
				COPY_PHASE_STRIP = NO;
				DEBUG_INFORMATION_FORMAT = "dwarf-with-dsym";
				ENABLE_NS_ASSERTIONS = NO;
				ENABLE_STRICT_OBJC_MSGSEND = YES;
				ENABLE_USER_SCRIPT_SANDBOXING = YES;
				GCC_C_LANGUAGE_STANDARD = gnu17;
				GCC_NO_COMMON_BLOCKS = YES;
				GCC_WARN_64_TO_32_BIT_CONVERSION = YES;
				GCC_WARN_ABOUT_RETURN_TYPE = YES_ERROR;
				GCC_WARN_UNDECLARED_SELECTOR = YES;
				GCC_WARN_UNINITIALIZED_AUTOS = YES_AGGRESSIVE;
				GCC_WARN_UNUSED_FUNCTION = YES;
				GCC_WARN_UNUSED_VARIABLE = YES;
				IPHONEOS_DEPLOYMENT_TARGET = 17.2;
				LOCALIZATION_PREFERS_STRING_CATALOGS = YES;
				MTL_ENABLE_DEBUG_INFO = NO;
				MTL_FAST_MATH = YES;
				SDKROOT = iphoneos;
				SWIFT_COMPILATION_MODE = wholemodule;
				VALIDATE_PRODUCT = YES;
			};
			name = Release;
		};
		7E884B712B44D5A700EDBEFD /* Debug */ = {
			isa = XCBuildConfiguration;
			buildSettings = {
				ASSETCATALOG_COMPILER_APPICON_NAME = AppIcon;
				ASSETCATALOG_COMPILER_GLOBAL_ACCENT_COLOR_NAME = AccentColor;
				CODE_SIGN_STYLE = Automatic;
				CURRENT_PROJECT_VERSION = 1;
				DEVELOPMENT_ASSET_PATHS = "\"paths/Preview Content\"";
				DEVELOPMENT_TEAM = VP5MJD3LR4;
				ENABLE_PREVIEWS = YES;
				GENERATE_INFOPLIST_FILE = YES;
				INFOPLIST_KEY_NSFaceIDUsageDescription = "Necesitamos el FaceID";
				INFOPLIST_KEY_UIApplicationSceneManifest_Generation = YES;
				INFOPLIST_KEY_UIApplicationSupportsIndirectInputEvents = YES;
				INFOPLIST_KEY_UILaunchScreen_Generation = YES;
				INFOPLIST_KEY_UISupportedInterfaceOrientations_iPad = "UIInterfaceOrientationPortrait UIInterfaceOrientationPortraitUpsideDown UIInterfaceOrientationLandscapeLeft UIInterfaceOrientationLandscapeRight";
				INFOPLIST_KEY_UISupportedInterfaceOrientations_iPhone = "UIInterfaceOrientationPortrait UIInterfaceOrientationLandscapeLeft UIInterfaceOrientationLandscapeRight";
				LD_RUNPATH_SEARCH_PATHS = (
					"$(inherited)",
					"@executable_path/Frameworks",
				);
				MARKETING_VERSION = 1.0;
				PRODUCT_BUNDLE_IDENTIFIER = yaelzamora.paths;
				PRODUCT_NAME = "$(TARGET_NAME)";
				SWIFT_EMIT_LOC_STRINGS = YES;
				SWIFT_VERSION = 5.0;
				TARGETED_DEVICE_FAMILY = "1,2";
			};
			name = Debug;
		};
		7E884B722B44D5A700EDBEFD /* Release */ = {
			isa = XCBuildConfiguration;
			buildSettings = {
				ASSETCATALOG_COMPILER_APPICON_NAME = AppIcon;
				ASSETCATALOG_COMPILER_GLOBAL_ACCENT_COLOR_NAME = AccentColor;
				CODE_SIGN_STYLE = Automatic;
				CURRENT_PROJECT_VERSION = 1;
				DEVELOPMENT_ASSET_PATHS = "\"paths/Preview Content\"";
				DEVELOPMENT_TEAM = VP5MJD3LR4;
				ENABLE_PREVIEWS = YES;
				GENERATE_INFOPLIST_FILE = YES;
				INFOPLIST_KEY_NSFaceIDUsageDescription = "Necesitamos el FaceID";
				INFOPLIST_KEY_UIApplicationSceneManifest_Generation = YES;
				INFOPLIST_KEY_UIApplicationSupportsIndirectInputEvents = YES;
				INFOPLIST_KEY_UILaunchScreen_Generation = YES;
				INFOPLIST_KEY_UISupportedInterfaceOrientations_iPad = "UIInterfaceOrientationPortrait UIInterfaceOrientationPortraitUpsideDown UIInterfaceOrientationLandscapeLeft UIInterfaceOrientationLandscapeRight";
				INFOPLIST_KEY_UISupportedInterfaceOrientations_iPhone = "UIInterfaceOrientationPortrait UIInterfaceOrientationLandscapeLeft UIInterfaceOrientationLandscapeRight";
				LD_RUNPATH_SEARCH_PATHS = (
					"$(inherited)",
					"@executable_path/Frameworks",
				);
				MARKETING_VERSION = 1.0;
				PRODUCT_BUNDLE_IDENTIFIER = yaelzamora.paths;
				PRODUCT_NAME = "$(TARGET_NAME)";
				SWIFT_EMIT_LOC_STRINGS = YES;
				SWIFT_VERSION = 5.0;
				TARGETED_DEVICE_FAMILY = "1,2";
			};
			name = Release;
		};
/* End XCBuildConfiguration section */

/* Begin XCConfigurationList section */
		7E884B5D2B44D5A500EDBEFD /* Build configuration list for PBXProject "paths" */ = {
			isa = XCConfigurationList;
			buildConfigurations = (
				7E884B6E2B44D5A700EDBEFD /* Debug */,
				7E884B6F2B44D5A700EDBEFD /* Release */,
			);
			defaultConfigurationIsVisible = 0;
			defaultConfigurationName = Release;
		};
		7E884B702B44D5A700EDBEFD /* Build configuration list for PBXNativeTarget "paths" */ = {
			isa = XCConfigurationList;
			buildConfigurations = (
				7E884B712B44D5A700EDBEFD /* Debug */,
				7E884B722B44D5A700EDBEFD /* Release */,
			);
			defaultConfigurationIsVisible = 0;
			defaultConfigurationName = Release;
		};
/* End XCConfigurationList section */
	};
	rootObject = 7E884B5A2B44D5A500EDBEFD /* Project object */;
}
